
Microsoft Visual Studio Solution File, Format Version 12.00
# Visual Studio Version 17
VisualStudioVersion = 17.14.36202.13 d17.14
MinimumVisualStudioVersion = 10.0.40219.1
Project("{FAE04EC0-301F-11D3-BF4B-00C04F79EFBC}") = "PetProjectDog", "PetProjectDog\PetProjectDog.csproj", "{5528D01A-B792-4076-B8D0-D8F8D812FCAC}"
EndProject
Global
	GlobalSection(SolutionConfigurationPlatforms) = preSolution
		Debug|Any CPU = Debug|Any CPU
		Release|Any CPU = Release|Any CPU
	EndGlobalSection
	GlobalSection(ProjectConfigurationPlatforms) = postSolution
		{5528D01A-B792-4076-B8D0-D8F8D812FCAC}.Debug|Any CPU.ActiveCfg = Debug|Any CPU
		{5528D01A-B792-4076-B8D0-D8F8D812FCAC}.Debug|Any CPU.Build.0 = Debug|Any CPU
		{5528D01A-B792-4076-B8D0-D8F8D812FCAC}.Release|Any CPU.ActiveCfg = Release|Any CPU
		{5528D01A-B792-4076-B8D0-D8F8D812FCAC}.Release|Any CPU.Build.0 = Release|Any CPU
	EndGlobalSection
	GlobalSection(SolutionProperties) = preSolution
		HideSolutionNode = FALSE
	EndGlobalSection
	GlobalSection(ExtensibilityGlobals) = postSolution
		SolutionGuid = {B520792F-6A33-4531-BC98-82FCA29ED32E}
	EndGlobalSection
EndGlobal
